
Microsoft Visual Studio Solution File, Format Version 12.00
# Visual Studio Version 17
VisualStudioVersion = 17.10.35027.167
MinimumVisualStudioVersion = 10.0.40219.1
Project("{FAE04EC0-301F-11D3-BF4B-00C04F79EFBC}") = "Debezium Proj", "Debezium Proj.csproj", "{DCAE001F-8CEA-4FF4-A4C1-33ADA61ECE5E}"
EndProject
Global
	GlobalSection(SolutionConfigurationPlatforms) = preSolution
		Debug|Any CPU = Debug|Any CPU
		Release|Any CPU = Release|Any CPU
	EndGlobalSection
	GlobalSection(ProjectConfigurationPlatforms) = postSolution
		{DCAE001F-8CEA-4FF4-A4C1-33ADA61ECE5E}.Debug|Any CPU.ActiveCfg = Debug|Any CPU
		{DCAE001F-8CEA-4FF4-A4C1-33ADA61ECE5E}.Debug|Any CPU.Build.0 = Debug|Any CPU
		{DCAE001F-8CEA-4FF4-A4C1-33ADA61ECE5E}.Release|Any CPU.ActiveCfg = Release|Any CPU
		{DCAE001F-8CEA-4FF4-A4C1-33ADA61ECE5E}.Release|Any CPU.Build.0 = Release|Any CPU
	EndGlobalSection
	GlobalSection(SolutionProperties) = preSolution
		HideSolutionNode = FALSE
	EndGlobalSection
	GlobalSection(ExtensibilityGlobals) = postSolution
		SolutionGuid = {A4F9049D-DA08-4571-98C9-E1398E2AB212}
	EndGlobalSection
EndGlobal
